
Microsoft Visual Studio Solution File, Format Version 12.00
# Visual Studio 2013
VisualStudioVersion = 12.0.40629.0
MinimumVisualStudioVersion = 10.0.40219.1
Project("{8BC9CEB8-8B4A-11D0-8D11-00A0C91BC942}") = "01-01_HelloWorld", "01-01_HelloWorld\01-01_HelloWorld.vcxproj", "{0166C48E-24F5-49B1-85D5-C1B782068A37}"
EndProject
Project("{8BC9CEB8-8B4A-11D0-8D11-00A0C91BC942}") = "02-01_pe", "02-01_pe\02-01_pe.vcxproj", "{820ADFEA-FA4B-4797-907C-FCDF1B15E63F}"
EndProject
Project("{8BC9CEB8-8B4A-11D0-8D11-00A0C91BC942}") = "02-02_pedump", "02-02_pedump\02-02_pedump.vcxproj", "{6108BB41-9827-4CBF-BBB0-13F72345939C}"
EndProject
Project("{8BC9CEB8-8B4A-11D0-8D11-00A0C91BC942}") = "02-03_PEComp", "02-03_PEComp\02-03_PEComp.vcxproj", "{6E10CA2F-21C5-4243-8F6C-C42E7FF2D205}"
EndProject
Project("{8BC9CEB8-8B4A-11D0-8D11-00A0C91BC942}") = "02-04_PEInfo", "02-04_PEInfo\02-04_PEInfo.vcxproj", "{DE2ABFA1-98B2-47F5-8033-51F9D563B134}"
EndProject
Project("{8BC9CEB8-8B4A-11D0-8D11-00A0C91BC942}") = "03-01_PEHeader", "03-01_PEHeader\03-01_PEHeader.vcxproj", "{FA37B6FD-D6A9-4448-BF57-FB4E74E87269}"
EndProject
Project("{8BC9CEB8-8B4A-11D0-8D11-00A0C91BC942}") = "04-01_LockTray", "04-01_LockTray\04-01_LockTray.vcxproj", "{AEB2D98F-752E-48CE-83E7-EA01BBE0261D}"
EndProject
Project("{8BC9CEB8-8B4A-11D0-8D11-00A0C91BC942}") = "04-02_PEInfo", "04-02_PEInfo\04-02_PEInfo.vcxproj", "{7EF8F906-987C-44DB-950D-F34DCF9A40F5}"
EndProject
Project("{8BC9CEB8-8B4A-11D0-8D11-00A0C91BC942}") = "04-03_HelloWorld2", "04-03_HelloWorld2\04-03_HelloWorld2.vcxproj", "{E80B3EE2-1767-4435-91E6-A80C67E57F41}"
EndProject
Project("{8BC9CEB8-8B4A-11D0-8D11-00A0C91BC942}") = "05-01_winResult", "05-01_winResult\05-01_winResult.vcxproj", "{AD8B24F4-5E57-40A7-A649-5DCBFD436EE5}"
EndProject
Project("{8BC9CEB8-8B4A-11D0-8D11-00A0C91BC942}") = "05-02_FirstWindow", "05-02_FirstWindow\05-02_FirstWindow.vcxproj", "{D1BEB7D8-EDE9-4BBB-BC1B-BFA8E17219CE}"
EndProject
Project("{8BC9CEB8-8B4A-11D0-8D11-00A0C91BC942}") = "05-03_priFun", "05-03_priFun\05-03_priFun.vcxproj", "{F07FFCE3-3996-4AF4-95C6-4D4E050EF36A}"
EndProject
Project("{8BC9CEB8-8B4A-11D0-8D11-00A0C91BC942}") = "06-01_HelloWorld", "06-01_HelloWorld\06-01_HelloWorld.vcxproj", "{D2DA0A04-6F6B-48F7-BA92-BEE9340E7C11}"
EndProject
Project("{8BC9CEB8-8B4A-11D0-8D11-00A0C91BC942}") = "06-02_StackFlow", "06-02_StackFlow\06-02_StackFlow.vcxproj", "{3EA41D00-9B5A-4DFC-BAC8-2C12BDB0F862}"
EndProject
Project("{8BC9CEB8-8B4A-11D0-8D11-00A0C91BC942}") = "06-03_HelloWorld0", "06-03_HelloWorld0\06-03_HelloWorld0.vcxproj", "{86D88FA4-3DCF-43C0-A1E3-EF1479553D99}"
EndProject
Project("{8BC9CEB8-8B4A-11D0-8D11-00A0C91BC942}") = "07-01_PEDumpIcon", "07-01_PEDumpIcon\07-01_PEDumpIcon.vcxproj", "{7EA1DE25-FCFC-47DA-B95B-D44593F2AD9E}"
EndProject
Project("{8BC9CEB8-8B4A-11D0-8D11-00A0C91BC942}") = "07-02_PEUpdateIcon", "07-02_PEUpdateIcon\07-02_PEUpdateIcon.vcxproj", "{A301DF30-D91B-4EDA-A1DE-D8CA10BA0DA7}"
EndProject
Project("{8BC9CEB8-8B4A-11D0-8D11-00A0C91BC942}") = "08-01_MyDll", "08-01_MyDll\08-01_MyDll.vcxproj", "{45BDFF03-A345-4DA5-A772-35220587D3C1}"
EndProject
Project("{8BC9CEB8-8B4A-11D0-8D11-00A0C91BC942}") = "08-02_HelloWorld1", "08-02_HelloWorld1\08-02_HelloWorld1.vcxproj", "{4FB6CEE2-DCA2-49BB-B2A4-C6721594980F}"
EndProject
Project("{8BC9CEB8-8B4A-11D0-8D11-00A0C91BC942}") = "08-03_HelloWorld2", "08-03_HelloWorld2\08-03_HelloWorld2.vcxproj", "{BAFD37B4-E16E-4470-84AA-493C3DEE7711}"
EndProject
Project("{8BC9CEB8-8B4A-11D0-8D11-00A0C91BC942}") = "08-04_pe", "08-04_pe\08-04_pe.vcxproj", "{E02A2CB3-D510-43C2-8E27-B0D8E2BBC9D4}"
EndProject
Project("{8BC9CEB8-8B4A-11D0-8D11-00A0C91BC942}") = "08-05_pe1", "08-05_pe1\08-05_pe1.vcxproj", "{4A820D6F-A123-4596-9259-E636D1F3CD0F}"
EndProject
Project("{8BC9CEB8-8B4A-11D0-8D11-00A0C91BC942}") = "09-01_dTLS", "09-01_dTLS\09-01_dTLS.vcxproj", "{AB18D782-C2EC-4E49-BA9D-9515E33E32C4}"
EndProject
Project("{8BC9CEB8-8B4A-11D0-8D11-00A0C91BC942}") = "09-02_dTLS1", "09-02_dTLS1\09-02_dTLS1.vcxproj", "{AD8903FA-CB58-47A7-9D88-D5CF63192C4B}"
EndProject
Project("{8BC9CEB8-8B4A-11D0-8D11-00A0C91BC942}") = "09-03_tls", "09-03_tls\09-03_tls.vcxproj", "{D09ED82C-C90A-44F2-91C3-3396DB97C28C}"
EndProject
Project("{8BC9CEB8-8B4A-11D0-8D11-00A0C91BC942}") = "10-01_exception1", "10-01_exception1\10-01_exception1.vcxproj", "{55816782-074E-4D27-937B-EF0954185879}"
EndProject
Project("{8BC9CEB8-8B4A-11D0-8D11-00A0C91BC942}") = "10-02_exception4", "10-02_exception4\10-02_exception4.vcxproj", "{229A6B2F-5929-4A5E-9C30-31430FC61BFA}"
EndProject
Project("{8BC9CEB8-8B4A-11D0-8D11-00A0C91BC942}") = "10-03_exception4_2", "10-03_exception4_2\10-03_exception4_2.vcxproj", "{D6892E06-5424-4E3B-9CE6-B36C3584AF0A}"
EndProject
Project("{8BC9CEB8-8B4A-11D0-8D11-00A0C91BC942}") = "10-04_exception4_1", "10-04_exception4_1\10-04_exception4_1.vcxproj", "{F813DB67-E0EF-48A2-9286-2BEC6C9ED591}"
EndProject
Project("{8BC9CEB8-8B4A-11D0-8D11-00A0C91BC942}") = "11-01_searchKernelBase", "11-01_searchKernelBase\11-01_searchKernelBase.vcxproj", "{325F6AD2-61E7-496D-8538-83FB281FADA2}"
EndProject
Project("{8BC9CEB8-8B4A-11D0-8D11-00A0C91BC942}") = "11-02_sehKernelBase", "11-2_sehKernelBase\11-2_sehKernelBase.vcxproj", "{5AA253CD-7000-44C7-91AA-A97DC756873D}"
EndProject
Project("{8BC9CEB8-8B4A-11D0-8D11-00A0C91BC942}") = "11-03_pebKernelBase", "11-03_pebKernelBase\11-03_pebKernelBase.vcxproj", "{CE352F5A-BA56-4743-B13C-AB0A95CFCDE2}"
EndProject
Project("{8BC9CEB8-8B4A-11D0-8D11-00A0C91BC942}") = "11-04_getTwoImportantFuns", "11-04_getTwoImportantFuns\11-04_getTwoImportantFuns.vcxproj", "{952FAC12-225D-4F54-BB6E-3ACDCD4E107C}"
EndProject
Project("{8BC9CEB8-8B4A-11D0-8D11-00A0C91BC942}") = "11-05_createDir", "11-05_createDir\11-05_createDir.vcxproj", "{7B8C3B8B-DA02-4848-9490-6BC4655D4949}"
EndProject
Project("{8BC9CEB8-8B4A-11D0-8D11-00A0C91BC942}") = "11-06_HelloWorld", "11-06_HelloWorld\11-06_HelloWorld.vcxproj", "{9AC8A064-0DD0-44B5-898D-0D9E3A58FAF5}"
EndProject
Project("{8BC9CEB8-8B4A-11D0-8D11-00A0C91BC942}") = "13-01_DPatchPEInfo", "13-01_DPatchPEInfo\13-01_DPatchPEInfo.vcxproj", "{0B196D55-2BEA-400E-AA6F-170BEAB383B0}"
EndProject
Project("{8BC9CEB8-8B4A-11D0-8D11-00A0C91BC942}") = "13-02_QLTools", "13-02_QLTools\13-02_QLTools.vcxproj", "{A181724D-3768-435E-9EEA-9021C8040425}"
EndProject
Project("{8BC9CEB8-8B4A-11D0-8D11-00A0C91BC942}") = "13-03_remotethread", "13-03_remotethread\13-03_remotethread.vcxproj", "{538E9ECE-49AB-470B-98E7-E1601142C202}"
EndProject
Project("{8BC9CEB8-8B4A-11D0-8D11-00A0C91BC942}") = "13-04_update", "13-04_update\13-04_update.vcxproj", "{BDB38BD6-0DD3-41F2-B919-0C0DC713E5C9}"
EndProject
Project("{8BC9CEB8-8B4A-11D0-8D11-00A0C91BC942}") = "13-05_winResult", "13-05_winResult\13-05_winResult.vcxproj", "{E517FCF2-13AB-41AE-9F8C-2272ABE73929}"
EndProject
Project("{8BC9CEB8-8B4A-11D0-8D11-00A0C91BC942}") = "13-06_patch", "13-06_patch\13-06_patch.vcxproj", "{5212EE3C-6876-47D5-8E44-AC4889E71E33}"
EndProject
Project("{8BC9CEB8-8B4A-11D0-8D11-00A0C91BC942}") = "13-07_getLoadLib", "13-07_getLoadLib\13-07_getLoadLib.vcxproj", "{114B1B5F-F7D5-4E85-87AB-D649976D0DC2}"
EndProject
Project("{8BC9CEB8-8B4A-11D0-8D11-00A0C91BC942}") = "13-08_winResult", "13-08_winResult\13-08_winResult.vcxproj", "{5F31A172-459A-4DA8-949B-34C5BA12B60E}"
EndProject
Project("{8BC9CEB8-8B4A-11D0-8D11-00A0C91BC942}") = "14-01_pe", "14-01_pe\14-01_pe.vcxproj", "{C4542179-BDC6-4E86-ABAA-5EE2D3795F3E}"
EndProject
Project("{8BC9CEB8-8B4A-11D0-8D11-00A0C91BC942}") = "14-02_patch", "14-02_patch\14-02_patch.vcxproj", "{D471A662-7212-4C9B-95C0-4CE9988232D7}"
EndProject
Project("{8BC9CEB8-8B4A-11D0-8D11-00A0C91BC942}") = "14-03_HelloWorld", "14-03_HelloWorld\14-03_HelloWorld.vcxproj", "{1040E842-0FBD-4A18-99F0-2BDE0F8BDD09}"
EndProject
Project("{8BC9CEB8-8B4A-11D0-8D11-00A0C91BC942}") = "14-04_makeComFile", "14-04_makeComFile\14-04_makeComFile.vcxproj", "{BA54014E-8C32-4170-8245-E8F11C4C190E}"
EndProject
Project("{8BC9CEB8-8B4A-11D0-8D11-00A0C91BC942}") = "14-05_bind", "14-05_bind\14-05_bind.vcxproj", "{CEE03497-1859-4B25-AAA5-0BB0826684C6}"
EndProject
Global
	GlobalSection(SolutionConfigurationPlatforms) = preSolution
		Debug|Win32 = Debug|Win32
		Release|Win32 = Release|Win32
	EndGlobalSection
	GlobalSection(ProjectConfigurationPlatforms) = postSolution
		{0166C48E-24F5-49B1-85D5-C1B782068A37}.Debug|Win32.ActiveCfg = Debug|Win32
		{0166C48E-24F5-49B1-85D5-C1B782068A37}.Debug|Win32.Build.0 = Debug|Win32
		{0166C48E-24F5-49B1-85D5-C1B782068A37}.Release|Win32.ActiveCfg = Release|Win32
		{0166C48E-24F5-49B1-85D5-C1B782068A37}.Release|Win32.Build.0 = Release|Win32
		{820ADFEA-FA4B-4797-907C-FCDF1B15E63F}.Debug|Win32.ActiveCfg = Debug|Win32
		{820ADFEA-FA4B-4797-907C-FCDF1B15E63F}.Debug|Win32.Build.0 = Debug|Win32
		{820ADFEA-FA4B-4797-907C-FCDF1B15E63F}.Release|Win32.ActiveCfg = Release|Win32
		{820ADFEA-FA4B-4797-907C-FCDF1B15E63F}.Release|Win32.Build.0 = Release|Win32
		{6108BB41-9827-4CBF-BBB0-13F72345939C}.Debug|Win32.ActiveCfg = Debug|Win32
		{6108BB41-9827-4CBF-BBB0-13F72345939C}.Debug|Win32.Build.0 = Debug|Win32
		{6108BB41-9827-4CBF-BBB0-13F72345939C}.Release|Win32.ActiveCfg = Release|Win32
		{6108BB41-9827-4CBF-BBB0-13F72345939C}.Release|Win32.Build.0 = Release|Win32
		{6E10CA2F-21C5-4243-8F6C-C42E7FF2D205}.Debug|Win32.ActiveCfg = Debug|Win32
		{6E10CA2F-21C5-4243-8F6C-C42E7FF2D205}.Debug|Win32.Build.0 = Debug|Win32
		{6E10CA2F-21C5-4243-8F6C-C42E7FF2D205}.Release|Win32.ActiveCfg = Release|Win32
		{6E10CA2F-21C5-4243-8F6C-C42E7FF2D205}.Release|Win32.Build.0 = Release|Win32
		{DE2ABFA1-98B2-47F5-8033-51F9D563B134}.Debug|Win32.ActiveCfg = Debug|Win32
		{DE2ABFA1-98B2-47F5-8033-51F9D563B134}.Debug|Win32.Build.0 = Debug|Win32
		{DE2ABFA1-98B2-47F5-8033-51F9D563B134}.Release|Win32.ActiveCfg = Release|Win32
		{DE2ABFA1-98B2-47F5-8033-51F9D563B134}.Release|Win32.Build.0 = Release|Win32
		{FA37B6FD-D6A9-4448-BF57-FB4E74E87269}.Debug|Win32.ActiveCfg = Debug|Win32
		{FA37B6FD-D6A9-4448-BF57-FB4E74E87269}.Debug|Win32.Build.0 = Debug|Win32
		{FA37B6FD-D6A9-4448-BF57-FB4E74E87269}.Release|Win32.ActiveCfg = Release|Win32
		{FA37B6FD-D6A9-4448-BF57-FB4E74E87269}.Release|Win32.Build.0 = Release|Win32
		{AEB2D98F-752E-48CE-83E7-EA01BBE0261D}.Debug|Win32.ActiveCfg = Debug|Win32
		{AEB2D98F-752E-48CE-83E7-EA01BBE0261D}.Debug|Win32.Build.0 = Debug|Win32
		{AEB2D98F-752E-48CE-83E7-EA01BBE0261D}.Release|Win32.ActiveCfg = Release|Win32
		{AEB2D98F-752E-48CE-83E7-EA01BBE0261D}.Release|Win32.Build.0 = Release|Win32
		{7EF8F906-987C-44DB-950D-F34DCF9A40F5}.Debug|Win32.ActiveCfg = Debug|Win32
		{7EF8F906-987C-44DB-950D-F34DCF9A40F5}.Debug|Win32.Build.0 = Debug|Win32
		{7EF8F906-987C-44DB-950D-F34DCF9A40F5}.Release|Win32.ActiveCfg = Release|Win32
		{7EF8F906-987C-44DB-950D-F34DCF9A40F5}.Release|Win32.Build.0 = Release|Win32
		{E80B3EE2-1767-4435-91E6-A80C67E57F41}.Debug|Win32.ActiveCfg = Debug|Win32
		{E80B3EE2-1767-4435-91E6-A80C67E57F41}.Debug|Win32.Build.0 = Debug|Win32
		{E80B3EE2-1767-4435-91E6-A80C67E57F41}.Release|Win32.ActiveCfg = Release|Win32
		{E80B3EE2-1767-4435-91E6-A80C67E57F41}.Release|Win32.Build.0 = Release|Win32
		{AD8B24F4-5E57-40A7-A649-5DCBFD436EE5}.Debug|Win32.ActiveCfg = Debug|Win32
		{AD8B24F4-5E57-40A7-A649-5DCBFD436EE5}.Debug|Win32.Build.0 = Debug|Win32
		{AD8B24F4-5E57-40A7-A649-5DCBFD436EE5}.Release|Win32.ActiveCfg = Release|Win32
		{AD8B24F4-5E57-40A7-A649-5DCBFD436EE5}.Release|Win32.Build.0 = Release|Win32
		{D1BEB7D8-EDE9-4BBB-BC1B-BFA8E17219CE}.Debug|Win32.ActiveCfg = Debug|Win32
		{D1BEB7D8-EDE9-4BBB-BC1B-BFA8E17219CE}.Debug|Win32.Build.0 = Debug|Win32
		{D1BEB7D8-EDE9-4BBB-BC1B-BFA8E17219CE}.Release|Win32.ActiveCfg = Release|Win32
		{D1BEB7D8-EDE9-4BBB-BC1B-BFA8E17219CE}.Release|Win32.Build.0 = Release|Win32
		{F07FFCE3-3996-4AF4-95C6-4D4E050EF36A}.Debug|Win32.ActiveCfg = Debug|Win32
		{F07FFCE3-3996-4AF4-95C6-4D4E050EF36A}.Debug|Win32.Build.0 = Debug|Win32
		{F07FFCE3-3996-4AF4-95C6-4D4E050EF36A}.Release|Win32.ActiveCfg = Release|Win32
		{F07FFCE3-3996-4AF4-95C6-4D4E050EF36A}.Release|Win32.Build.0 = Release|Win32
		{D2DA0A04-6F6B-48F7-BA92-BEE9340E7C11}.Debug|Win32.ActiveCfg = Debug|Win32
		{D2DA0A04-6F6B-48F7-BA92-BEE9340E7C11}.Debug|Win32.Build.0 = Debug|Win32
		{D2DA0A04-6F6B-48F7-BA92-BEE9340E7C11}.Release|Win32.ActiveCfg = Release|Win32
		{D2DA0A04-6F6B-48F7-BA92-BEE9340E7C11}.Release|Win32.Build.0 = Release|Win32
		{3EA41D00-9B5A-4DFC-BAC8-2C12BDB0F862}.Debug|Win32.ActiveCfg = Debug|Win32
		{3EA41D00-9B5A-4DFC-BAC8-2C12BDB0F862}.Debug|Win32.Build.0 = Debug|Win32
		{3EA41D00-9B5A-4DFC-BAC8-2C12BDB0F862}.Release|Win32.ActiveCfg = Release|Win32
		{3EA41D00-9B5A-4DFC-BAC8-2C12BDB0F862}.Release|Win32.Build.0 = Release|Win32
		{86D88FA4-3DCF-43C0-A1E3-EF1479553D99}.Debug|Win32.ActiveCfg = Debug|Win32
		{86D88FA4-3DCF-43C0-A1E3-EF1479553D99}.Debug|Win32.Build.0 = Debug|Win32
		{86D88FA4-3DCF-43C0-A1E3-EF1479553D99}.Release|Win32.ActiveCfg = Release|Win32
		{86D88FA4-3DCF-43C0-A1E3-EF1479553D99}.Release|Win32.Build.0 = Release|Win32
		{7EA1DE25-FCFC-47DA-B95B-D44593F2AD9E}.Debug|Win32.ActiveCfg = Debug|Win32
		{7EA1DE25-FCFC-47DA-B95B-D44593F2AD9E}.Debug|Win32.Build.0 = Debug|Win32
		{7EA1DE25-FCFC-47DA-B95B-D44593F2AD9E}.Release|Win32.ActiveCfg = Release|Win32
		{7EA1DE25-FCFC-47DA-B95B-D44593F2AD9E}.Release|Win32.Build.0 = Release|Win32
		{A301DF30-D91B-4EDA-A1DE-D8CA10BA0DA7}.Debug|Win32.ActiveCfg = Debug|Win32
		{A301DF30-D91B-4EDA-A1DE-D8CA10BA0DA7}.Debug|Win32.Build.0 = Debug|Win32
		{A301DF30-D91B-4EDA-A1DE-D8CA10BA0DA7}.Release|Win32.ActiveCfg = Release|Win32
		{A301DF30-D91B-4EDA-A1DE-D8CA10BA0DA7}.Release|Win32.Build.0 = Release|Win32
		{45BDFF03-A345-4DA5-A772-35220587D3C1}.Debug|Win32.ActiveCfg = Debug|Win32
		{45BDFF03-A345-4DA5-A772-35220587D3C1}.Debug|Win32.Build.0 = Debug|Win32
		{45BDFF03-A345-4DA5-A772-35220587D3C1}.Release|Win32.ActiveCfg = Release|Win32
		{45BDFF03-A345-4DA5-A772-35220587D3C1}.Release|Win32.Build.0 = Release|Win32
		{4FB6CEE2-DCA2-49BB-B2A4-C6721594980F}.Debug|Win32.ActiveCfg = Debug|Win32
		{4FB6CEE2-DCA2-49BB-B2A4-C6721594980F}.Debug|Win32.Build.0 = Debug|Win32
		{4FB6CEE2-DCA2-49BB-B2A4-C6721594980F}.Release|Win32.ActiveCfg = Release|Win32
		{4FB6CEE2-DCA2-49BB-B2A4-C6721594980F}.Release|Win32.Build.0 = Release|Win32
		{BAFD37B4-E16E-4470-84AA-493C3DEE7711}.Debug|Win32.ActiveCfg = Debug|Win32
		{BAFD37B4-E16E-4470-84AA-493C3DEE7711}.Debug|Win32.Build.0 = Debug|Win32
		{BAFD37B4-E16E-4470-84AA-493C3DEE7711}.Release|Win32.ActiveCfg = Release|Win32
		{BAFD37B4-E16E-4470-84AA-493C3DEE7711}.Release|Win32.Build.0 = Release|Win32
		{E02A2CB3-D510-43C2-8E27-B0D8E2BBC9D4}.Debug|Win32.ActiveCfg = Debug|Win32
		{E02A2CB3-D510-43C2-8E27-B0D8E2BBC9D4}.Debug|Win32.Build.0 = Debug|Win32
		{E02A2CB3-D510-43C2-8E27-B0D8E2BBC9D4}.Release|Win32.ActiveCfg = Release|Win32
		{E02A2CB3-D510-43C2-8E27-B0D8E2BBC9D4}.Release|Win32.Build.0 = Release|Win32
		{4A820D6F-A123-4596-9259-E636D1F3CD0F}.Debug|Win32.ActiveCfg = Debug|Win32
		{4A820D6F-A123-4596-9259-E636D1F3CD0F}.Debug|Win32.Build.0 = Debug|Win32
		{4A820D6F-A123-4596-9259-E636D1F3CD0F}.Release|Win32.ActiveCfg = Release|Win32
		{4A820D6F-A123-4596-9259-E636D1F3CD0F}.Release|Win32.Build.0 = Release|Win32
		{AB18D782-C2EC-4E49-BA9D-9515E33E32C4}.Debug|Win32.ActiveCfg = Debug|Win32
		{AB18D782-C2EC-4E49-BA9D-9515E33E32C4}.Debug|Win32.Build.0 = Debug|Win32
		{AB18D782-C2EC-4E49-BA9D-9515E33E32C4}.Release|Win32.ActiveCfg = Release|Win32
		{AB18D782-C2EC-4E49-BA9D-9515E33E32C4}.Release|Win32.Build.0 = Release|Win32
		{AD8903FA-CB58-47A7-9D88-D5CF63192C4B}.Debug|Win32.ActiveCfg = Debug|Win32
		{AD8903FA-CB58-47A7-9D88-D5CF63192C4B}.Debug|Win32.Build.0 = Debug|Win32
		{AD8903FA-CB58-47A7-9D88-D5CF63192C4B}.Release|Win32.ActiveCfg = Release|Win32
		{AD8903FA-CB58-47A7-9D88-D5CF63192C4B}.Release|Win32.Build.0 = Release|Win32
		{D09ED82C-C90A-44F2-91C3-3396DB97C28C}.Debug|Win32.ActiveCfg = Debug|Win32
		{D09ED82C-C90A-44F2-91C3-3396DB97C28C}.Debug|Win32.Build.0 = Debug|Win32
		{D09ED82C-C90A-44F2-91C3-3396DB97C28C}.Release|Win32.ActiveCfg = Release|Win32
		{D09ED82C-C90A-44F2-91C3-3396DB97C28C}.Release|Win32.Build.0 = Release|Win32
		{55816782-074E-4D27-937B-EF0954185879}.Debug|Win32.ActiveCfg = Debug|Win32
		{55816782-074E-4D27-937B-EF0954185879}.Debug|Win32.Build.0 = Debug|Win32
		{55816782-074E-4D27-937B-EF0954185879}.Release|Win32.ActiveCfg = Release|Win32
		{55816782-074E-4D27-937B-EF0954185879}.Release|Win32.Build.0 = Release|Win32
		{229A6B2F-5929-4A5E-9C30-31430FC61BFA}.Debug|Win32.ActiveCfg = Debug|Win32
		{229A6B2F-5929-4A5E-9C30-31430FC61BFA}.Debug|Win32.Build.0 = Debug|Win32
		{229A6B2F-5929-4A5E-9C30-31430FC61BFA}.Release|Win32.ActiveCfg = Release|Win32
		{229A6B2F-5929-4A5E-9C30-31430FC61BFA}.Release|Win32.Build.0 = Release|Win32
		{D6892E06-5424-4E3B-9CE6-B36C3584AF0A}.Debug|Win32.ActiveCfg = Debug|Win32
		{D6892E06-5424-4E3B-9CE6-B36C3584AF0A}.Debug|Win32.Build.0 = Debug|Win32
		{D6892E06-5424-4E3B-9CE6-B36C3584AF0A}.Release|Win32.ActiveCfg = Release|Win32
		{D6892E06-5424-4E3B-9CE6-B36C3584AF0A}.Release|Win32.Build.0 = Release|Win32
		{F813DB67-E0EF-48A2-9286-2BEC6C9ED591}.Debug|Win32.ActiveCfg = Debug|Win32
		{F813DB67-E0EF-48A2-9286-2BEC6C9ED591}.Debug|Win32.Build.0 = Debug|Win32
		{F813DB67-E0EF-48A2-9286-2BEC6C9ED591}.Release|Win32.ActiveCfg = Release|Win32
		{F813DB67-E0EF-48A2-9286-2BEC6C9ED591}.Release|Win32.Build.0 = Release|Win32
		{325F6AD2-61E7-496D-8538-83FB281FADA2}.Debug|Win32.ActiveCfg = Debug|Win32
		{325F6AD2-61E7-496D-8538-83FB281FADA2}.Debug|Win32.Build.0 = Debug|Win32
		{325F6AD2-61E7-496D-8538-83FB281FADA2}.Release|Win32.ActiveCfg = Release|Win32
		{325F6AD2-61E7-496D-8538-83FB281FADA2}.Release|Win32.Build.0 = Release|Win32
		{5AA253CD-7000-44C7-91AA-A97DC756873D}.Debug|Win32.ActiveCfg = Debug|Win32
		{5AA253CD-7000-44C7-91AA-A97DC756873D}.Debug|Win32.Build.0 = Debug|Win32
		{5AA253CD-7000-44C7-91AA-A97DC756873D}.Release|Win32.ActiveCfg = Release|Win32
		{5AA253CD-7000-44C7-91AA-A97DC756873D}.Release|Win32.Build.0 = Release|Win32
		{CE352F5A-BA56-4743-B13C-AB0A95CFCDE2}.Debug|Win32.ActiveCfg = Debug|Win32
		{CE352F5A-BA56-4743-B13C-AB0A95CFCDE2}.Debug|Win32.Build.0 = Debug|Win32
		{CE352F5A-BA56-4743-B13C-AB0A95CFCDE2}.Release|Win32.ActiveCfg = Release|Win32
		{CE352F5A-BA56-4743-B13C-AB0A95CFCDE2}.Release|Win32.Build.0 = Release|Win32
		{952FAC12-225D-4F54-BB6E-3ACDCD4E107C}.Debug|Win32.ActiveCfg = Debug|Win32
		{952FAC12-225D-4F54-BB6E-3ACDCD4E107C}.Debug|Win32.Build.0 = Debug|Win32
		{952FAC12-225D-4F54-BB6E-3ACDCD4E107C}.Release|Win32.ActiveCfg = Release|Win32
		{952FAC12-225D-4F54-BB6E-3ACDCD4E107C}.Release|Win32.Build.0 = Release|Win32
		{7B8C3B8B-DA02-4848-9490-6BC4655D4949}.Debug|Win32.ActiveCfg = Debug|Win32
		{7B8C3B8B-DA02-4848-9490-6BC4655D4949}.Debug|Win32.Build.0 = Debug|Win32
		{7B8C3B8B-DA02-4848-9490-6BC4655D4949}.Release|Win32.ActiveCfg = Release|Win32
		{7B8C3B8B-DA02-4848-9490-6BC4655D4949}.Release|Win32.Build.0 = Release|Win32
		{9AC8A064-0DD0-44B5-898D-0D9E3A58FAF5}.Debug|Win32.ActiveCfg = Debug|Win32
		{9AC8A064-0DD0-44B5-898D-0D9E3A58FAF5}.Debug|Win32.Build.0 = Debug|Win32
		{9AC8A064-0DD0-44B5-898D-0D9E3A58FAF5}.Release|Win32.ActiveCfg = Release|Win32
		{9AC8A064-0DD0-44B5-898D-0D9E3A58FAF5}.Release|Win32.Build.0 = Release|Win32
		{0B196D55-2BEA-400E-AA6F-170BEAB383B0}.Debug|Win32.ActiveCfg = Debug|Win32
		{0B196D55-2BEA-400E-AA6F-170BEAB383B0}.Debug|Win32.Build.0 = Debug|Win32
		{0B196D55-2BEA-400E-AA6F-170BEAB383B0}.Release|Win32.ActiveCfg = Release|Win32
		{0B196D55-2BEA-400E-AA6F-170BEAB383B0}.Release|Win32.Build.0 = Release|Win32
		{A181724D-3768-435E-9EEA-9021C8040425}.Debug|Win32.ActiveCfg = Debug|Win32
		{A181724D-3768-435E-9EEA-9021C8040425}.Debug|Win32.Build.0 = Debug|Win32
		{A181724D-3768-435E-9EEA-9021C8040425}.Release|Win32.ActiveCfg = Release|Win32
		{A181724D-3768-435E-9EEA-9021C8040425}.Release|Win32.Build.0 = Release|Win32
		{538E9ECE-49AB-470B-98E7-E1601142C202}.Debug|Win32.ActiveCfg = Debug|Win32
		{538E9ECE-49AB-470B-98E7-E1601142C202}.Debug|Win32.Build.0 = Debug|Win32
		{538E9ECE-49AB-470B-98E7-E1601142C202}.Release|Win32.ActiveCfg = Release|Win32
		{538E9ECE-49AB-470B-98E7-E1601142C202}.Release|Win32.Build.0 = Release|Win32
		{BDB38BD6-0DD3-41F2-B919-0C0DC713E5C9}.Debug|Win32.ActiveCfg = Debug|Win32
		{BDB38BD6-0DD3-41F2-B919-0C0DC713E5C9}.Debug|Win32.Build.0 = Debug|Win32
		{BDB38BD6-0DD3-41F2-B919-0C0DC713E5C9}.Release|Win32.ActiveCfg = Release|Win32
		{BDB38BD6-0DD3-41F2-B919-0C0DC713E5C9}.Release|Win32.Build.0 = Release|Win32
		{E517FCF2-13AB-41AE-9F8C-2272ABE73929}.Debug|Win32.ActiveCfg = Debug|Win32
		{E517FCF2-13AB-41AE-9F8C-2272ABE73929}.Debug|Win32.Build.0 = Debug|Win32
		{E517FCF2-13AB-41AE-9F8C-2272ABE73929}.Release|Win32.ActiveCfg = Release|Win32
		{E517FCF2-13AB-41AE-9F8C-2272ABE73929}.Release|Win32.Build.0 = Release|Win32
		{5212EE3C-6876-47D5-8E44-AC4889E71E33}.Debug|Win32.ActiveCfg = Debug|Win32
		{5212EE3C-6876-47D5-8E44-AC4889E71E33}.Debug|Win32.Build.0 = Debug|Win32
		{5212EE3C-6876-47D5-8E44-AC4889E71E33}.Release|Win32.ActiveCfg = Release|Win32
		{5212EE3C-6876-47D5-8E44-AC4889E71E33}.Release|Win32.Build.0 = Release|Win32
		{114B1B5F-F7D5-4E85-87AB-D649976D0DC2}.Debug|Win32.ActiveCfg = Debug|Win32
		{114B1B5F-F7D5-4E85-87AB-D649976D0DC2}.Debug|Win32.Build.0 = Debug|Win32
		{114B1B5F-F7D5-4E85-87AB-D649976D0DC2}.Release|Win32.ActiveCfg = Release|Win32
		{114B1B5F-F7D5-4E85-87AB-D649976D0DC2}.Release|Win32.Build.0 = Release|Win32
		{5F31A172-459A-4DA8-949B-34C5BA12B60E}.Debug|Win32.ActiveCfg = Debug|Win32
		{5F31A172-459A-4DA8-949B-34C5BA12B60E}.Debug|Win32.Build.0 = Debug|Win32
		{5F31A172-459A-4DA8-949B-34C5BA12B60E}.Release|Win32.ActiveCfg = Release|Win32
		{5F31A172-459A-4DA8-949B-34C5BA12B60E}.Release|Win32.Build.0 = Release|Win32
		{C4542179-BDC6-4E86-ABAA-5EE2D3795F3E}.Debug|Win32.ActiveCfg = Debug|Win32
		{C4542179-BDC6-4E86-ABAA-5EE2D3795F3E}.Debug|Win32.Build.0 = Debug|Win32
		{C4542179-BDC6-4E86-ABAA-5EE2D3795F3E}.Release|Win32.ActiveCfg = Release|Win32
		{C4542179-BDC6-4E86-ABAA-5EE2D3795F3E}.Release|Win32.Build.0 = Release|Win32
		{D471A662-7212-4C9B-95C0-4CE9988232D7}.Debug|Win32.ActiveCfg = Debug|Win32
		{D471A662-7212-4C9B-95C0-4CE9988232D7}.Debug|Win32.Build.0 = Debug|Win32
		{D471A662-7212-4C9B-95C0-4CE9988232D7}.Release|Win32.ActiveCfg = Release|Win32
		{D471A662-7212-4C9B-95C0-4CE9988232D7}.Release|Win32.Build.0 = Release|Win32
		{1040E842-0FBD-4A18-99F0-2BDE0F8BDD09}.Debug|Win32.ActiveCfg = Debug|Win32
		{1040E842-0FBD-4A18-99F0-2BDE0F8BDD09}.Debug|Win32.Build.0 = Debug|Win32
		{1040E842-0FBD-4A18-99F0-2BDE0F8BDD09}.Release|Win32.ActiveCfg = Release|Win32
		{1040E842-0FBD-4A18-99F0-2BDE0F8BDD09}.Release|Win32.Build.0 = Release|Win32
		{BA54014E-8C32-4170-8245-E8F11C4C190E}.Debug|Win32.ActiveCfg = Debug|Win32
		{BA54014E-8C32-4170-8245-E8F11C4C190E}.Debug|Win32.Build.0 = Debug|Win32
		{BA54014E-8C32-4170-8245-E8F11C4C190E}.Release|Win32.ActiveCfg = Release|Win32
		{BA54014E-8C32-4170-8245-E8F11C4C190E}.Release|Win32.Build.0 = Release|Win32
		{CEE03497-1859-4B25-AAA5-0BB0826684C6}.Debug|Win32.ActiveCfg = Debug|Win32
		{CEE03497-1859-4B25-AAA5-0BB0826684C6}.Debug|Win32.Build.0 = Debug|Win32
		{CEE03497-1859-4B25-AAA5-0BB0826684C6}.Release|Win32.ActiveCfg = Release|Win32
		{CEE03497-1859-4B25-AAA5-0BB0826684C6}.Release|Win32.Build.0 = Release|Win32
	EndGlobalSection
	GlobalSection(SolutionProperties) = preSolution
		HideSolutionNode = FALSE
	EndGlobalSection
EndGlobal
